
Microsoft Visual Studio Solution File, Format Version 12.00
# Visual Studio Version 17
VisualStudioVersion = 17.5.33502.453
MinimumVisualStudioVersion = 10.0.40219.1
Project("{2150E333-8FDC-42A3-9474-1A3956D46DE8}") = "Services", "Services", "{9C8B1479-AE8C-49D2-8461-7C671519A8BE}"
EndProject
Project("{2150E333-8FDC-42A3-9474-1A3956D46DE8}") = "Catalog", "Catalog", "{4C7C7056-5319-4B50-9FB1-C1C52BF633EB}"
EndProject
Project("{9A19103F-16F7-4668-BE54-9A1E7A4F7556}") = "Catalog.API", "Services\Catalog\Catalog.API\Catalog.API.csproj", "{A20C653A-AF98-4276-A77E-F7FA174A27F0}"
EndProject
Project("{E53339B2-1760-4266-BCC7-CA923CBCF16C}") = "docker-compose", "docker-compose.dcproj", "{BF6D9730-B65C-4ACA-B346-F72DAFE780A3}"
EndProject
Project("{2150E333-8FDC-42A3-9474-1A3956D46DE8}") = "Basket", "Basket", "{1549C35B-0F90-4083-AD2A-7122620ABD75}"
EndProject
Project("{9A19103F-16F7-4668-BE54-9A1E7A4F7556}") = "Basket.API", "Basket\Basket.API\Basket.API.csproj", "{2028CB4C-09C0-4FBA-94B1-25AE7D0B344F}"
EndProject
Project("{2150E333-8FDC-42A3-9474-1A3956D46DE8}") = "Discount", "Discount", "{460C5F31-B88F-4AA7-BED2-14DAD92C3BA2}"
EndProject
Project("{9A19103F-16F7-4668-BE54-9A1E7A4F7556}") = "Discount.API", "Services\Discount\Discount.API\Discount.API.csproj", "{9E124F31-E08A-4530-96BB-B7BFE75E68B0}"
EndProject
Project("{FAE04EC0-301F-11D3-BF4B-00C04F79EFBC}") = "discount.grpc", "Services\Discount\discount.grpc\discount.grpc.csproj", "{420F4344-1881-4FAC-990C-08B382B2B983}"
EndProject
Global
	GlobalSection(SolutionConfigurationPlatforms) = preSolution
		Debug|Any CPU = Debug|Any CPU
		Release|Any CPU = Release|Any CPU
	EndGlobalSection
	GlobalSection(ProjectConfigurationPlatforms) = postSolution
		{A20C653A-AF98-4276-A77E-F7FA174A27F0}.Debug|Any CPU.ActiveCfg = Debug|Any CPU
		{A20C653A-AF98-4276-A77E-F7FA174A27F0}.Debug|Any CPU.Build.0 = Debug|Any CPU
		{A20C653A-AF98-4276-A77E-F7FA174A27F0}.Release|Any CPU.ActiveCfg = Release|Any CPU
		{A20C653A-AF98-4276-A77E-F7FA174A27F0}.Release|Any CPU.Build.0 = Release|Any CPU
		{BF6D9730-B65C-4ACA-B346-F72DAFE780A3}.Debug|Any CPU.ActiveCfg = Debug|Any CPU
		{BF6D9730-B65C-4ACA-B346-F72DAFE780A3}.Debug|Any CPU.Build.0 = Debug|Any CPU
		{BF6D9730-B65C-4ACA-B346-F72DAFE780A3}.Release|Any CPU.ActiveCfg = Release|Any CPU
		{BF6D9730-B65C-4ACA-B346-F72DAFE780A3}.Release|Any CPU.Build.0 = Release|Any CPU
		{2028CB4C-09C0-4FBA-94B1-25AE7D0B344F}.Debug|Any CPU.ActiveCfg = Debug|Any CPU
		{2028CB4C-09C0-4FBA-94B1-25AE7D0B344F}.Debug|Any CPU.Build.0 = Debug|Any CPU
		{2028CB4C-09C0-4FBA-94B1-25AE7D0B344F}.Release|Any CPU.ActiveCfg = Release|Any CPU
		{2028CB4C-09C0-4FBA-94B1-25AE7D0B344F}.Release|Any CPU.Build.0 = Release|Any CPU
		{9E124F31-E08A-4530-96BB-B7BFE75E68B0}.Debug|Any CPU.ActiveCfg = Debug|Any CPU
		{9E124F31-E08A-4530-96BB-B7BFE75E68B0}.Debug|Any CPU.Build.0 = Debug|Any CPU
		{9E124F31-E08A-4530-96BB-B7BFE75E68B0}.Release|Any CPU.ActiveCfg = Release|Any CPU
		{9E124F31-E08A-4530-96BB-B7BFE75E68B0}.Release|Any CPU.Build.0 = Release|Any CPU
		{420F4344-1881-4FAC-990C-08B382B2B983}.Debug|Any CPU.ActiveCfg = Debug|Any CPU
		{420F4344-1881-4FAC-990C-08B382B2B983}.Debug|Any CPU.Build.0 = Debug|Any CPU
		{420F4344-1881-4FAC-990C-08B382B2B983}.Release|Any CPU.ActiveCfg = Release|Any CPU
		{420F4344-1881-4FAC-990C-08B382B2B983}.Release|Any CPU.Build.0 = Release|Any CPU
	EndGlobalSection
	GlobalSection(SolutionProperties) = preSolution
		HideSolutionNode = FALSE
	EndGlobalSection
	GlobalSection(NestedProjects) = preSolution
		{4C7C7056-5319-4B50-9FB1-C1C52BF633EB} = {9C8B1479-AE8C-49D2-8461-7C671519A8BE}
		{A20C653A-AF98-4276-A77E-F7FA174A27F0} = {4C7C7056-5319-4B50-9FB1-C1C52BF633EB}
		{1549C35B-0F90-4083-AD2A-7122620ABD75} = {9C8B1479-AE8C-49D2-8461-7C671519A8BE}
		{2028CB4C-09C0-4FBA-94B1-25AE7D0B344F} = {1549C35B-0F90-4083-AD2A-7122620ABD75}
		{460C5F31-B88F-4AA7-BED2-14DAD92C3BA2} = {9C8B1479-AE8C-49D2-8461-7C671519A8BE}
		{9E124F31-E08A-4530-96BB-B7BFE75E68B0} = {460C5F31-B88F-4AA7-BED2-14DAD92C3BA2}
		{420F4344-1881-4FAC-990C-08B382B2B983} = {460C5F31-B88F-4AA7-BED2-14DAD92C3BA2}
	EndGlobalSection
	GlobalSection(ExtensibilityGlobals) = postSolution
		SolutionGuid = {070FA819-9CE4-4AE0-AFCE-E18E7BC517BE}
	EndGlobalSection
EndGlobal
